
Microsoft Visual Studio Solution File, Format Version 12.00
# Visual Studio Version 16
VisualStudioVersion = 16.0.29509.3
MinimumVisualStudioVersion = 10.0.40219.1
Project("{FAE04EC0-301F-11D3-BF4B-00C04F79EFBC}") = "ContosoCrafts.WebSite", "ContosoCrafts.WebSite\ContosoCrafts.WebSite.csproj", "{AC64C266-A962-469D-A306-C7BD82534AF7}"
EndProject
Global
	GlobalSection(SolutionConfigurationPlatforms) = preSolution
		Debug|Any CPU = Debug|Any CPU
		Release|Any CPU = Release|Any CPU
	EndGlobalSection
	GlobalSection(ProjectConfigurationPlatforms) = postSolution
		{AC64C266-A962-469D-A306-C7BD82534AF7}.Debug|Any CPU.ActiveCfg = Debug|Any CPU
		{AC64C266-A962-469D-A306-C7BD82534AF7}.Debug|Any CPU.Build.0 = Debug|Any CPU
		{AC64C266-A962-469D-A306-C7BD82534AF7}.Release|Any CPU.ActiveCfg = Release|Any CPU
		{AC64C266-A962-469D-A306-C7BD82534AF7}.Release|Any CPU.Build.0 = Release|Any CPU
	EndGlobalSection
	GlobalSection(SolutionProperties) = preSolution
		HideSolutionNode = FALSE
	EndGlobalSection
	GlobalSection(ExtensibilityGlobals) = postSolution
		SolutionGuid = {1DC7199A-EB00-4BF4-AF27-E4E83C2660EE}
	EndGlobalSection
EndGlobal
